Microsoft Visual Studio Solution File, Format Version 12.00
# Visual Studio 2012
Project("{FAE04EC0-301F-11D3-BF4B-00C04F79EFBC}") = "TowerDefense", "TowerDefense.csproj", "{2D7EA21A-0631-4B0E-9404-9B4C68F71873}"
EndProject
Global
	GlobalSection(SolutionConfigurationPlatforms) = preSolution
	Debug|Any CPU = Debug|Any CPU
	ExportDebug|Any CPU = ExportDebug|Any CPU
	ExportRelease|Any CPU = ExportRelease|Any CPU
	EndGlobalSection
	GlobalSection(ProjectConfigurationPlatforms) = postSolution
		{2D7EA21A-0631-4B0E-9404-9B4C68F71873}.Debug|Any CPU.ActiveCfg = Debug|Any CPU
		{2D7EA21A-0631-4B0E-9404-9B4C68F71873}.Debug|Any CPU.Build.0 = Debug|Any CPU
		{2D7EA21A-0631-4B0E-9404-9B4C68F71873}.ExportDebug|Any CPU.ActiveCfg = ExportDebug|Any CPU
		{2D7EA21A-0631-4B0E-9404-9B4C68F71873}.ExportDebug|Any CPU.Build.0 = ExportDebug|Any CPU
		{2D7EA21A-0631-4B0E-9404-9B4C68F71873}.ExportRelease|Any CPU.ActiveCfg = ExportRelease|Any CPU
		{2D7EA21A-0631-4B0E-9404-9B4C68F71873}.ExportRelease|Any CPU.Build.0 = ExportRelease|Any CPU
	EndGlobalSection
EndGlobal
